// !$*UTF8*$!
{
	archiveVersion = 1;
	classes = {
	};
	objectVersion = 55;
	objects = {

/* Begin PBXBuildFile section */
		A74B52B728B60EA200413418 /* PJSUA2 in Frameworks */ = {isa = PBXBuildFile; productRef = A74B52B628B60EA200413418 /* PJSUA2 */; };
		A74B52B928B60EEE00413418 /* PJSUA2 in Frameworks */ = {isa = PBXBuildFile; productRef = A74B52B828B60EEE00413418 /* PJSUA2 */; };
		A78AA51628B6080400AF1673 /* PJSUA2DemoApp.swift in Sources */ = {isa = PBXBuildFile; fileRef = A78AA50628B6080300AF1673 /* PJSUA2DemoApp.swift */; };
		A78AA51728B6080400AF1673 /* PJSUA2DemoApp.swift in Sources */ = {isa = PBXBuildFile; fileRef = A78AA50628B6080300AF1673 /* PJSUA2DemoApp.swift */; };
		A78AA51828B6080400AF1673 /* ContentView.swift in Sources */ = {isa = PBXBuildFile; fileRef = A78AA50728B6080300AF1673 /* ContentView.swift */; };
		A78AA51928B6080400AF1673 /* ContentView.swift in Sources */ = {isa = PBXBuildFile; fileRef = A78AA50728B6080300AF1673 /* ContentView.swift */; };
		A78AA51A28B6080400AF1673 /* Assets.xcassets in Resources */ = {isa = PBXBuildFile; fileRef = A78AA50828B6080400AF1673 /* Assets.xcassets */; };
		A78AA51B28B6080400AF1673 /* Assets.xcassets in Resources */ = {isa = PBXBuildFile; fileRef = A78AA50828B6080400AF1673 /* Assets.xcassets */; };
/* End PBXBuildFile section */

/* Begin PBXFileReference section */
		A78AA50628B6080300AF1673 /* PJSUA2DemoApp.swift */ = {isa = PBXFileReference; lastKnownFileType = sourcecode.swift; path = PJSUA2DemoApp.swift; sourceTree = "<group>"; };
		A78AA50728B6080300AF1673 /* ContentView.swift */ = {isa = PBXFileReference; lastKnownFileType = sourcecode.swift; path = ContentView.swift; sourceTree = "<group>"; };
		A78AA50828B6080400AF1673 /* Assets.xcassets */ = {isa = PBXFileReference; lastKnownFileType = folder.assetcatalog; path = Assets.xcassets; sourceTree = "<group>"; };
		A78AA50D28B6080400AF1673 /* PJSUA2Demo.app */ = {isa = PBXFileReference; explicitFileType = wrapper.application; includeInIndex = 0; path = PJSUA2Demo.app; sourceTree = BUILT_PRODUCTS_DIR; };
		A78AA51328B6080400AF1673 /* PJSUA2Demo.app */ = {isa = PBXFileReference; explicitFileType = wrapper.application; includeInIndex = 0; path = PJSUA2Demo.app; sourceTree = BUILT_PRODUCTS_DIR; };
		A78AA51528B6080400AF1673 /* macOS.entitlements */ = {isa = PBXFileReference; lastKnownFileType = text.plist.entitlements; path = macOS.entitlements; sourceTree = "<group>"; };
/* End PBXFileReference section */

/* Begin PBXFrameworksBuildPhase section */
		A78AA50A28B6080400AF1673 /* Frameworks */ = {
			isa = PBXFrameworksBuildPhase;
			buildActionMask = 2147483647;
			files = (
				A74B52B928B60EEE00413418 /* PJSUA2 in Frameworks */,
			);
			runOnlyForDeploymentPostprocessing = 0;
		};
		A78AA51028B6080400AF1673 /* Frameworks */ = {
			isa = PBXFrameworksBuildPhase;
			buildActionMask = 2147483647;
			files = (
				A74B52B728B60EA200413418 /* PJSUA2 in Frameworks */,
			);
			runOnlyForDeploymentPostprocessing = 0;
		};
/* End PBXFrameworksBuildPhase section */

/* Begin PBXGroup section */
		A78AA50028B6080300AF1673 = {
			isa = PBXGroup;
			children = (
				A78AA50528B6080300AF1673 /* Shared */,
				A78AA51428B6080400AF1673 /* macOS */,
				A78AA50E28B6080400AF1673 /* Products */,
				A7CAE4A928B608D90014F30B /* Frameworks */,
			);
			sourceTree = "<group>";
		};
		A78AA50528B6080300AF1673 /* Shared */ = {
			isa = PBXGroup;
			children = (
				A78AA50628B6080300AF1673 /* PJSUA2DemoApp.swift */,
				A78AA50728B6080300AF1673 /* ContentView.swift */,
				A78AA50828B6080400AF1673 /* Assets.xcassets */,
			);
			path = Shared;
			sourceTree = "<group>";
		};
		A78AA50E28B6080400AF1673 /* Products */ = {
			isa = PBXGroup;
			children = (
				A78AA50D28B6080400AF1673 /* PJSUA2Demo.app */,
				A78AA51328B6080400AF1673 /* PJSUA2Demo.app */,
			);
			name = Products;
			sourceTree = "<group>";
		};
		A78AA51428B6080400AF1673 /* macOS */ = {
			isa = PBXGroup;
			children = (
				A78AA51528B6080400AF1673 /* macOS.entitlements */,
			);
			path = macOS;
			sourceTree = "<group>";
		};
		A7CAE4A928B608D90014F30B /* Frameworks */ = {
			isa = PBXGroup;
			children = (
			);
			name = Frameworks;
			sourceTree = "<group>";
		};
/* End PBXGroup section */

/* Begin PBXNativeTarget section */
		A78AA50C28B6080400AF1673 /* PJSUA2Demo (iOS) */ = {
			isa = PBXNativeTarget;
			buildConfigurationList = A78AA51E28B6080400AF1673 /* Build configuration list for PBXNativeTarget "PJSUA2Demo (iOS)" */;
			buildPhases = (
				A78AA50928B6080400AF1673 /* Sources */,
				A78AA50A28B6080400AF1673 /* Frameworks */,
				A78AA50B28B6080400AF1673 /* Resources */,
			);
			buildRules = (
			);
			dependencies = (
			);
			name = "PJSUA2Demo (iOS)";
			packageProductDependencies = (
				A74B52B828B60EEE00413418 /* PJSUA2 */,
			);
			productName = "PJSUA2Demo (iOS)";
			productReference = A78AA50D28B6080400AF1673 /* PJSUA2Demo.app */;
			productType = "com.apple.product-type.application";
		};
		A78AA51228B6080400AF1673 /* PJSUA2Demo (macOS) */ = {
			isa = PBXNativeTarget;
			buildConfigurationList = A78AA52128B6080400AF1673 /* Build configuration list for PBXNativeTarget "PJSUA2Demo (macOS)" */;
			buildPhases = (
				A78AA50F28B6080400AF1673 /* Sources */,
				A78AA51028B6080400AF1673 /* Frameworks */,
				A78AA51128B6080400AF1673 /* Resources */,
			);
			buildRules = (
			);
			dependencies = (
			);
			name = "PJSUA2Demo (macOS)";
			packageProductDependencies = (
				A74B52B628B60EA200413418 /* PJSUA2 */,
			);
			productName = "PJSUA2Demo (macOS)";
			productReference = A78AA51328B6080400AF1673 /* PJSUA2Demo.app */;
			productType = "com.apple.product-type.application";
		};
/* End PBXNativeTarget section */

/* Begin PBXProject section */
		A78AA50128B6080300AF1673 /* Project object */ = {
			isa = PBXProject;
			attributes = {
				BuildIndependentTargetsInParallel = 1;
				LastSwiftUpdateCheck = 1340;
				LastUpgradeCheck = 1340;
				TargetAttributes = {
					A78AA50C28B6080400AF1673 = {
						CreatedOnToolsVersion = 13.4.1;
					};
					A78AA51228B6080400AF1673 = {
						CreatedOnToolsVersion = 13.4.1;
					};
				};
			};
			buildConfigurationList = A78AA50428B6080300AF1673 /* Build configuration list for PBXProject "PJSUA2Demo" */;
			compatibilityVersion = "Xcode 13.0";
			developmentRegion = en;
			hasScannedForEncodings = 0;
			knownRegions = (
				en,
				Base,
			);
			mainGroup = A78AA50028B6080300AF1673;
			productRefGroup = A78AA50E28B6080400AF1673 /* Products */;
			projectDirPath = "";
			projectRoot = "";
			targets = (
				A78AA50C28B6080400AF1673 /* PJSUA2Demo (iOS) */,
				A78AA51228B6080400AF1673 /* PJSUA2Demo (macOS) */,
			);
		};
/* End PBXProject section */

/* Begin PBXResourcesBuildPhase section */
		A78AA50B28B6080400AF1673 /* Resources */ = {
			isa = PBXResourcesBuildPhase;
			buildActionMask = 2147483647;
			files = (
				A78AA51A28B6080400AF1673 /* Assets.xcassets in Resources */,
			);
			runOnlyForDeploymentPostprocessing = 0;
		};
		A78AA51128B6080400AF1673 /* Resources */ = {
			isa = PBXResourcesBuildPhase;
			buildActionMask = 2147483647;
			files = (
				A78AA51B28B6080400AF1673 /* Assets.xcassets in Resources */,
			);
			runOnlyForDeploymentPostprocessing = 0;
		};
/* End PBXResourcesBuildPhase section */

/* Begin PBXSourcesBuildPhase section */
		A78AA50928B6080400AF1673 /* Sources */ = {
			isa = PBXSourcesBuildPhase;
			buildActionMask = 2147483647;
			files = (
				A78AA51828B6080400AF1673 /* ContentView.swift in Sources */,
				A78AA51628B6080400AF1673 /* PJSUA2DemoApp.swift in Sources */,
			);
			runOnlyForDeploymentPostprocessing = 0;
		};
		A78AA50F28B6080400AF1673 /* Sources */ = {
			isa = PBXSourcesBuildPhase;
			buildActionMask = 2147483647;
			files = (
				A78AA51928B6080400AF1673 /* ContentView.swift in Sources */,
				A78AA51728B6080400AF1673 /* PJSUA2DemoApp.swift in Sources */,
			);
			runOnlyForDeploymentPostprocessing = 0;
		};
/* End PBXSourcesBuildPhase section */

/* Begin XCBuildConfiguration section */
		A78AA51C28B6080400AF1673 /* Debug */ = {
			isa = XCBuildConfiguration;
			buildSettings = {
				ALWAYS_SEARCH_USER_PATHS = NO;
				CLANG_ANALYZER_NONNULL = YES;
				CLANG_ANALYZER_NUMBER_OBJECT_CONVERSION = YES_AGGRESSIVE;
				CLANG_CXX_LANGUAGE_STANDARD = "gnu++17";
				CLANG_ENABLE_MODULES = YES;
				CLANG_ENABLE_OBJC_ARC = YES;
				CLANG_ENABLE_OBJC_WEAK = YES;
				CLANG_WARN_BLOCK_CAPTURE_AUTORELEASING = YES;
				CLANG_WARN_BOOL_CONVERSION = YES;
				CLANG_WARN_COMMA = YES;
				CLANG_WARN_CONSTANT_CONVERSION = YES;
				CLANG_WARN_DEPRECATED_OBJC_IMPLEMENTATIONS = YES;
				CLANG_WARN_DIRECT_OBJC_ISA_USAGE = YES_ERROR;
				CLANG_WARN_DOCUMENTATION_COMMENTS = YES;
				CLANG_WARN_EMPTY_BODY = YES;
				CLANG_WARN_ENUM_CONVERSION = YES;
				CLANG_WARN_INFINITE_RECURSION = YES;
				CLANG_WARN_INT_CONVERSION = YES;
				CLANG_WARN_NON_LITERAL_NULL_CONVERSION = YES;
				CLANG_WARN_OBJC_IMPLICIT_RETAIN_SELF = YES;
				CLANG_WARN_OBJC_LITERAL_CONVERSION = YES;
				CLANG_WARN_OBJC_ROOT_CLASS = YES_ERROR;
				CLANG_WARN_QUOTED_INCLUDE_IN_FRAMEWORK_HEADER = YES;
				CLANG_WARN_RANGE_LOOP_ANALYSIS = YES;
				CLANG_WARN_STRICT_PROTOTYPES = YES;
				CLANG_WARN_SUSPICIOUS_MOVE = YES;
				CLANG_WARN_UNGUARDED_AVAILABILITY = YES_AGGRESSIVE;
				CLANG_WARN_UNREACHABLE_CODE = YES;
				CLANG_WARN__DUPLICATE_METHOD_MATCH = YES;
				COPY_PHASE_STRIP = NO;
				DEBUG_INFORMATION_FORMAT = dwarf;
				ENABLE_STRICT_OBJC_MSGSEND = YES;
				ENABLE_TESTABILITY = YES;
				GCC_C_LANGUAGE_STANDARD = gnu11;
				GCC_DYNAMIC_NO_PIC = NO;
				GCC_NO_COMMON_BLOCKS = YES;
				GCC_OPTIMIZATION_LEVEL = 0;
				GCC_PREPROCESSOR_DEFINITIONS = (
					"DEBUG=1",
					"$(inherited)",
				);
				GCC_WARN_64_TO_32_BIT_CONVERSION = YES;
				GCC_WARN_ABOUT_RETURN_TYPE = YES_ERROR;
				GCC_WARN_UNDECLARED_SELECTOR = YES;
				GCC_WARN_UNINITIALIZED_AUTOS = YES_AGGRESSIVE;
				GCC_WARN_UNUSED_FUNCTION = YES;
				GCC_WARN_UNUSED_VARIABLE = YES;
				MTL_ENABLE_DEBUG_INFO = INCLUDE_SOURCE;
				MTL_FAST_MATH = YES;
				ONLY_ACTIVE_ARCH = YES;
				OTHER_SWIFT_FLAGS = "-Xcc -DPJ_AUTOCONF";
				SWIFT_ACTIVE_COMPILATION_CONDITIONS = DEBUG;
				SWIFT_OPTIMIZATION_LEVEL = "-Onone";
			};
			name = Debug;
		};
		A78AA51D28B6080400AF1673 /* Release */ = {
			isa = XCBuildConfiguration;
			buildSettings = {
				ALWAYS_SEARCH_USER_PATHS = NO;
				CLANG_ANALYZER_NONNULL = YES;
				CLANG_ANALYZER_NUMBER_OBJECT_CONVERSION = YES_AGGRESSIVE;
				CLANG_CXX_LANGUAGE_STANDARD = "gnu++17";
				CLANG_ENABLE_MODULES = YES;
				CLANG_ENABLE_OBJC_ARC = YES;
				CLANG_ENABLE_OBJC_WEAK = YES;
				CLANG_WARN_BLOCK_CAPTURE_AUTORELEASING = YES;
				CLANG_WARN_BOOL_CONVERSION = YES;
				CLANG_WARN_COMMA = YES;
				CLANG_WARN_CONSTANT_CONVERSION = YES;
				CLANG_WARN_DEPRECATED_OBJC_IMPLEMENTATIONS = YES;
				CLANG_WARN_DIRECT_OBJC_ISA_USAGE = YES_ERROR;
				CLANG_WARN_DOCUMENTATION_COMMENTS = YES;
				CLANG_WARN_EMPTY_BODY = YES;
				CLANG_WARN_ENUM_CONVERSION = YES;
				CLANG_WARN_INFINITE_RECURSION = YES;
				CLANG_WARN_INT_CONVERSION = YES;
				CLANG_WARN_NON_LITERAL_NULL_CONVERSION = YES;
				CLANG_WARN_OBJC_IMPLICIT_RETAIN_SELF = YES;
				CLANG_WARN_OBJC_LITERAL_CONVERSION = YES;
				CLANG_WARN_OBJC_ROOT_CLASS = YES_ERROR;
				CLANG_WARN_QUOTED_INCLUDE_IN_FRAMEWORK_HEADER = YES;
				CLANG_WARN_RANGE_LOOP_ANALYSIS = YES;
				CLANG_WARN_STRICT_PROTOTYPES = YES;
				CLANG_WARN_SUSPICIOUS_MOVE = YES;
				CLANG_WARN_UNGUARDED_AVAILABILITY = YES_AGGRESSIVE;
				CLANG_WARN_UNREACHABLE_CODE = YES;
				CLANG_WARN__DUPLICATE_METHOD_MATCH = YES;
				COPY_PHASE_STRIP = NO;
				DEBUG_INFORMATION_FORMAT = "dwarf-with-dsym";
				ENABLE_NS_ASSERTIONS = NO;
				ENABLE_STRICT_OBJC_MSGSEND = YES;
				GCC_C_LANGUAGE_STANDARD = gnu11;
				GCC_NO_COMMON_BLOCKS = YES;
				GCC_WARN_64_TO_32_BIT_CONVERSION = YES;
				GCC_WARN_ABOUT_RETURN_TYPE = YES_ERROR;
				GCC_WARN_UNDECLARED_SELECTOR = YES;
				GCC_WARN_UNINITIALIZED_AUTOS = YES_AGGRESSIVE;
				GCC_WARN_UNUSED_FUNCTION = YES;
				GCC_WARN_UNUSED_VARIABLE = YES;
				MTL_ENABLE_DEBUG_INFO = NO;
				MTL_FAST_MATH = YES;
				OTHER_SWIFT_FLAGS = "-Xcc -DPJ_AUTOCONF";
				SWIFT_COMPILATION_MODE = wholemodule;
				SWIFT_OPTIMIZATION_LEVEL = "-O";
			};
			name = Release;
		};
		A78AA51F28B6080400AF1673 /* Debug */ = {
			isa = XCBuildConfiguration;
			buildSettings = {
				ASSETCATALOG_COMPILER_APPICON_NAME = AppIcon;
				ASSETCATALOG_COMPILER_GLOBAL_ACCENT_COLOR_NAME = AccentColor;
				CODE_SIGN_STYLE = Automatic;
				CURRENT_PROJECT_VERSION = 1;
				DEVELOPMENT_TEAM = AWJ83G3EPY;
				ENABLE_PREVIEWS = YES;
				GENERATE_INFOPLIST_FILE = YES;
				INFOPLIST_KEY_UIApplicationSceneManifest_Generation = YES;
				INFOPLIST_KEY_UIApplicationSupportsIndirectInputEvents = YES;
				INFOPLIST_KEY_UILaunchScreen_Generation = YES;
				INFOPLIST_KEY_UISupportedInterfaceOrientations_iPad = "UIInterfaceOrientationPortrait UIInterfaceOrientationPortraitUpsideDown UIInterfaceOrientationLandscapeLeft UIInterfaceOrientationLandscapeRight";
				INFOPLIST_KEY_UISupportedInterfaceOrientations_iPhone = "UIInterfaceOrientationPortrait UIInterfaceOrientationLandscapeLeft UIInterfaceOrientationLandscapeRight";
				IPHONEOS_DEPLOYMENT_TARGET = 15.5;
				LD_RUNPATH_SEARCH_PATHS = (
					"$(inherited)",
					"@executable_path/Frameworks",
				);
				MARKETING_VERSION = 1.0;
				OTHER_SWIFT_FLAGS = "$(inherited)";
				PRODUCT_BUNDLE_IDENTIFIER = "de.oliver-epper.PJSUA2Demo";
				PRODUCT_NAME = PJSUA2Demo;
				SDKROOT = iphoneos;
				SWIFT_EMIT_LOC_STRINGS = YES;
				SWIFT_VERSION = 5.0;
				TARGETED_DEVICE_FAMILY = "1,2";
			};
			name = Debug;
		};
		A78AA52028B6080400AF1673 /* Release */ = {
			isa = XCBuildConfiguration;
			buildSettings = {
				ASSETCATALOG_COMPILER_APPICON_NAME = AppIcon;
				ASSETCATALOG_COMPILER_GLOBAL_ACCENT_COLOR_NAME = AccentColor;
				CODE_SIGN_STYLE = Automatic;
				CURRENT_PROJECT_VERSION = 1;
				DEVELOPMENT_TEAM = AWJ83G3EPY;
				ENABLE_PREVIEWS = YES;
				GENERATE_INFOPLIST_FILE = YES;
				INFOPLIST_KEY_UIApplicationSceneManifest_Generation = YES;
				INFOPLIST_KEY_UIApplicationSupportsIndirectInputEvents = YES;
				INFOPLIST_KEY_UILaunchScreen_Generation = YES;
				INFOPLIST_KEY_UISupportedInterfaceOrientations_iPad = "UIInterfaceOrientationPortrait UIInterfaceOrientationPortraitUpsideDown UIInterfaceOrientationLandscapeLeft UIInterfaceOrientationLandscapeRight";
				INFOPLIST_KEY_UISupportedInterfaceOrientations_iPhone = "UIInterfaceOrientationPortrait UIInterfaceOrientationLandscapeLeft UIInterfaceOrientationLandscapeRight";
				IPHONEOS_DEPLOYMENT_TARGET = 15.5;
				LD_RUNPATH_SEARCH_PATHS = (
					"$(inherited)",
					"@executable_path/Frameworks",
				);
				MARKETING_VERSION = 1.0;
				OTHER_SWIFT_FLAGS = "$(inherited)";
				PRODUCT_BUNDLE_IDENTIFIER = "de.oliver-epper.PJSUA2Demo";
				PRODUCT_NAME = PJSUA2Demo;
				SDKROOT = iphoneos;
				SWIFT_EMIT_LOC_STRINGS = YES;
				SWIFT_VERSION = 5.0;
				TARGETED_DEVICE_FAMILY = "1,2";
				VALIDATE_PRODUCT = YES;
			};
			name = Release;
		};
		A78AA52228B6080400AF1673 /* Debug */ = {
			isa = XCBuildConfiguration;
			buildSettings = {
				ASSETCATALOG_COMPILER_APPICON_NAME = AppIcon;
				ASSETCATALOG_COMPILER_GLOBAL_ACCENT_COLOR_NAME = AccentColor;
				CODE_SIGN_ENTITLEMENTS = macOS/macOS.entitlements;
				CODE_SIGN_STYLE = Automatic;
				COMBINE_HIDPI_IMAGES = YES;
				CURRENT_PROJECT_VERSION = 1;
				DEVELOPMENT_TEAM = AWJ83G3EPY;
				ENABLE_HARDENED_RUNTIME = YES;
				ENABLE_PREVIEWS = YES;
				GENERATE_INFOPLIST_FILE = YES;
				INFOPLIST_KEY_NSHumanReadableCopyright = "";
				LD_RUNPATH_SEARCH_PATHS = (
					"$(inherited)",
					"@executable_path/../Frameworks",
				);
				MACOSX_DEPLOYMENT_TARGET = 12.3;
				MARKETING_VERSION = 1.0;
				OTHER_SWIFT_FLAGS = "$(inherited)";
				PRODUCT_BUNDLE_IDENTIFIER = "de.oliver-epper.PJSUA2Demo";
				PRODUCT_NAME = PJSUA2Demo;
				SDKROOT = macosx;
				SWIFT_EMIT_LOC_STRINGS = YES;
				SWIFT_VERSION = 5.0;
			};
			name = Debug;
		};
		A78AA52328B6080400AF1673 /* Release */ = {
			isa = XCBuildConfiguration;
			buildSettings = {
				ASSETCATALOG_COMPILER_APPICON_NAME = AppIcon;
				ASSETCATALOG_COMPILER_GLOBAL_ACCENT_COLOR_NAME = AccentColor;
				CODE_SIGN_ENTITLEMENTS = macOS/macOS.entitlements;
				CODE_SIGN_STYLE = Automatic;
				COMBINE_HIDPI_IMAGES = YES;
				CURRENT_PROJECT_VERSION = 1;
				DEVELOPMENT_TEAM = AWJ83G3EPY;
				ENABLE_HARDENED_RUNTIME = YES;
				ENABLE_PREVIEWS = YES;
				GENERATE_INFOPLIST_FILE = YES;
				INFOPLIST_KEY_NSHumanReadableCopyright = "";
				LD_RUNPATH_SEARCH_PATHS = (
					"$(inherited)",
					"@executable_path/../Frameworks",
				);
				MACOSX_DEPLOYMENT_TARGET = 12.3;
				MARKETING_VERSION = 1.0;
				OTHER_SWIFT_FLAGS = "$(inherited)";
				PRODUCT_BUNDLE_IDENTIFIER = "de.oliver-epper.PJSUA2Demo";
				PRODUCT_NAME = PJSUA2Demo;
				SDKROOT = macosx;
				SWIFT_EMIT_LOC_STRINGS = YES;
				SWIFT_VERSION = 5.0;
			};
			name = Release;
		};
/* End XCBuildConfiguration section */

/* Begin XCConfigurationList section */
		A78AA50428B6080300AF1673 /* Build configuration list for PBXProject "PJSUA2Demo" */ = {
			isa = XCConfigurationList;
			buildConfigurations = (
				A78AA51C28B6080400AF1673 /* Debug */,
				A78AA51D28B6080400AF1673 /* Release */,
			);
			defaultConfigurationIsVisible = 0;
			defaultConfigurationName = Release;
		};
		A78AA51E28B6080400AF1673 /* Build configuration list for PBXNativeTarget "PJSUA2Demo (iOS)" */ = {
			isa = XCConfigurationList;
			buildConfigurations = (
				A78AA51F28B6080400AF1673 /* Debug */,
				A78AA52028B6080400AF1673 /* Release */,
			);
			defaultConfigurationIsVisible = 0;
			defaultConfigurationName = Release;
		};
		A78AA52128B6080400AF1673 /* Build configuration list for PBXNativeTarget "PJSUA2Demo (macOS)" */ = {
			isa = XCConfigurationList;
			buildConfigurations = (
				A78AA52228B6080400AF1673 /* Debug */,
				A78AA52328B6080400AF1673 /* Release */,
			);
			defaultConfigurationIsVisible = 0;
			defaultConfigurationName = Release;
		};
/* End XCConfigurationList section */

/* Begin XCSwiftPackageProductDependency section */
		A74B52B628B60EA200413418 /* PJSUA2 */ = {
			isa = XCSwiftPackageProductDependency;
			productName = PJSUA2;
		};
		A74B52B828B60EEE00413418 /* PJSUA2 */ = {
			isa = XCSwiftPackageProductDependency;
			productName = PJSUA2;
		};
/* End XCSwiftPackageProductDependency section */
	};
	rootObject = A78AA50128B6080300AF1673 /* Project object */;
}
